// !$*UTF8*$!
{
	archiveVersion = 1;
	classes = {
	};
	objectVersion = 46;
	objects = {

/* Begin PBXBuildFile section */
		50438D7B1D9AEBC900E4B81E /* Main.storyboard in Resources */ = {isa = PBXBuildFile; fileRef = 50438D791D9AEBC900E4B81E /* Main.storyboard */; };
		50438D7E1D9AEBC900E4B81E /* Task1.xcdatamodeld in Sources */ = {isa = PBXBuildFile; fileRef = 50438D7C1D9AEBC900E4B81E /* Task1.xcdatamodeld */; };
		50438D801D9AEBC900E4B81E /* Assets.xcassets in Resources */ = {isa = PBXBuildFile; fileRef = 50438D7F1D9AEBC900E4B81E /* Assets.xcassets */; };
		50438D831D9AEBC900E4B81E /* LaunchScreen.storyboard in Resources */ = {isa = PBXBuildFile; fileRef = 50438D811D9AEBC900E4B81E /* LaunchScreen.storyboard */; };
		50438D8C1D9AEC6500E4B81E /* CoreDataEngine.swift in Sources */ = {isa = PBXBuildFile; fileRef = 50438D8B1D9AEC6500E4B81E /* CoreDataEngine.swift */; };
		50438D931D9AECBB00E4B81E /* AppDelegate.swift in Sources */ = {isa = PBXBuildFile; fileRef = 50438D911D9AECBB00E4B81E /* AppDelegate.swift */; };
		50438D941D9AECBB00E4B81E /* ListViewController.swift in Sources */ = {isa = PBXBuildFile; fileRef = 50438D921D9AECBB00E4B81E /* ListViewController.swift */; };
		50438D961D9AEDD500E4B81E /* ListViewControllerDelegate.swift in Sources */ = {isa = PBXBuildFile; fileRef = 50438D951D9AEDD500E4B81E /* ListViewControllerDelegate.swift */; };
		50438D991D9AEE2800E4B81E /* ListCell.swift in Sources */ = {isa = PBXBuildFile; fileRef = 50438D981D9AEE2800E4B81E /* ListCell.swift */; };
		50B2F8081D9DAC55006EB1BE /* TPKeyboardAvoidingCollectionView.m in Sources */ = {isa = PBXBuildFile; fileRef = 50B2F8011D9DAC55006EB1BE /* TPKeyboardAvoidingCollectionView.m */; };
		50B2F8091D9DAC55006EB1BE /* TPKeyboardAvoidingScrollView.m in Sources */ = {isa = PBXBuildFile; fileRef = 50B2F8031D9DAC55006EB1BE /* TPKeyboardAvoidingScrollView.m */; };
		50B2F80A1D9DAC55006EB1BE /* TPKeyboardAvoidingTableView.m in Sources */ = {isa = PBXBuildFile; fileRef = 50B2F8051D9DAC55006EB1BE /* TPKeyboardAvoidingTableView.m */; };
		50B2F80B1D9DAC55006EB1BE /* UIScrollView+TPKeyboardAvoidingAdditions.m in Sources */ = {isa = PBXBuildFile; fileRef = 50B2F8071D9DAC55006EB1BE /* UIScrollView+TPKeyboardAvoidingAdditions.m */; };
		50F173C11D9D6E660051FAD8 /* DetailTableHeaderView.xib in Resources */ = {isa = PBXBuildFile; fileRef = 50F173C01D9D6E660051FAD8 /* DetailTableHeaderView.xib */; };
		50F173C41D9D772C0051FAD8 /* GlobalEnum.swift in Sources */ = {isa = PBXBuildFile; fileRef = 50F173C31D9D772C0051FAD8 /* GlobalEnum.swift */; };
		50FF85C11D9C126600D2947C /* ContactInfo+CoreDataProperties.swift in Sources */ = {isa = PBXBuildFile; fileRef = 50FF85BF1D9C126600D2947C /* ContactInfo+CoreDataProperties.swift */; };
		50FF85C21D9C126600D2947C /* ContactInfo.swift in Sources */ = {isa = PBXBuildFile; fileRef = 50FF85C01D9C126600D2947C /* ContactInfo.swift */; };
		50FF85C41D9C12A100D2947C /* ContactDataManager.swift in Sources */ = {isa = PBXBuildFile; fileRef = 50FF85C31D9C12A100D2947C /* ContactDataManager.swift */; };
		50FF85C61D9C1B3200D2947C /* DetailViewController.swift in Sources */ = {isa = PBXBuildFile; fileRef = 50FF85C51D9C1B3200D2947C /* DetailViewController.swift */; };
		50FF85C81D9C1B9900D2947C /* DetailViewControllerDelegate.swift in Sources */ = {isa = PBXBuildFile; fileRef = 50FF85C71D9C1B9900D2947C /* DetailViewControllerDelegate.swift */; };
		50FF85CA1D9C1C3F00D2947C /* FieldTableViewCell.swift in Sources */ = {isa = PBXBuildFile; fileRef = 50FF85C91D9C1C3F00D2947C /* FieldTableViewCell.swift */; };
		50FF85CC1D9C1D0E00D2947C /* DetailTableHeaderView.swift in Sources */ = {isa = PBXBuildFile; fileRef = 50FF85CB1D9C1D0E00D2947C /* DetailTableHeaderView.swift */; };
		50FF85CF1D9C2A7400D2947C /* GlobalConstants.swift in Sources */ = {isa = PBXBuildFile; fileRef = 50FF85CE1D9C2A7400D2947C /* GlobalConstants.swift */; };
		50FF85D31D9C432500D2947C /* MessageUI.framework in Frameworks */ = {isa = PBXBuildFile; fileRef = 50FF85D21D9C432500D2947C /* MessageUI.framework */; };
		50FF85D51D9C4F5C00D2947C /* DetailModel.swift in Sources */ = {isa = PBXBuildFile; fileRef = 50FF85D41D9C4F5C00D2947C /* DetailModel.swift */; };
/* End PBXBuildFile section */

/* Begin PBXFileReference section */
		50438D721D9AEBC800E4B81E /* Task1.app */ = {isa = PBXFileReference; explicitFileType = wrapper.application; includeInIndex = 0; path = Task1.app; sourceTree = BUILT_PRODUCTS_DIR; };
		50438D7A1D9AEBC900E4B81E /* Base */ = {isa = PBXFileReference; lastKnownFileType = file.storyboard; name = Base; path = Base.lproj/Main.storyboard; sourceTree = "<group>"; };
		50438D7D1D9AEBC900E4B81E /* Task1.xcdatamodel */ = {isa = PBXFileReference; lastKnownFileType = wrapper.xcdatamodel; path = Task1.xcdatamodel; sourceTree = "<group>"; };
		50438D7F1D9AEBC900E4B81E /* Assets.xcassets */ = {isa = PBXFileReference; lastKnownFileType = folder.assetcatalog; path = Assets.xcassets; sourceTree = "<group>"; };
		50438D821D9AEBC900E4B81E /* Base */ = {isa = PBXFileReference; lastKnownFileType = file.storyboard; name = Base; path = Base.lproj/LaunchScreen.storyboard; sourceTree = "<group>"; };
		50438D841D9AEBC900E4B81E /* Info.plist */ = {isa = PBXFileReference; lastKnownFileType = text.plist.xml; path = Info.plist; sourceTree = "<group>"; };
		50438D8B1D9AEC6500E4B81E /* CoreDataEngine.swift */ = {isa = PBXFileReference; fileEncoding = 4; lastKnownFileType = sourcecode.swift; path = CoreDataEngine.swift; sourceTree = "<group>"; };
		50438D911D9AECBB00E4B81E /* AppDelegate.swift */ = {isa = PBXFileReference; fileEncoding = 4; lastKnownFileType = sourcecode.swift; path = AppDelegate.swift; sourceTree = "<group>"; };
		50438D921D9AECBB00E4B81E /* ListViewController.swift */ = {isa = PBXFileReference; fileEncoding = 4; lastKnownFileType = sourcecode.swift; path = ListViewController.swift; sourceTree = "<group>"; };
		50438D951D9AEDD500E4B81E /* ListViewControllerDelegate.swift */ = {isa = PBXFileReference; fileEncoding = 4; lastKnownFileType = sourcecode.swift; path = ListViewControllerDelegate.swift; sourceTree = "<group>"; };
		50438D981D9AEE2800E4B81E /* ListCell.swift */ = {isa = PBXFileReference; fileEncoding = 4; lastKnownFileType = sourcecode.swift; path = ListCell.swift; sourceTree = "<group>"; };
		50B2F8001D9DAC55006EB1BE /* TPKeyboardAvoidingCollectionView.h */ = {isa = PBXFileReference; fileEncoding = 4; lastKnownFileType = sourcecode.c.h; path = TPKeyboardAvoidingCollectionView.h; sourceTree = "<group>"; };
		50B2F8011D9DAC55006EB1BE /* TPKeyboardAvoidingCollectionView.m */ = {isa = PBXFileReference; fileEncoding = 4; lastKnownFileType = sourcecode.c.objc; path = TPKeyboardAvoidingCollectionView.m; sourceTree = "<group>"; };
		50B2F8021D9DAC55006EB1BE /* TPKeyboardAvoidingScrollView.h */ = {isa = PBXFileReference; fileEncoding = 4; lastKnownFileType = sourcecode.c.h; path = TPKeyboardAvoidingScrollView.h; sourceTree = "<group>"; };
		50B2F8031D9DAC55006EB1BE /* TPKeyboardAvoidingScrollView.m */ = {isa = PBXFileReference; fileEncoding = 4; lastKnownFileType = sourcecode.c.objc; path = TPKeyboardAvoidingScrollView.m; sourceTree = "<group>"; };
		50B2F8041D9DAC55006EB1BE /* TPKeyboardAvoidingTableView.h */ = {isa = PBXFileReference; fileEncoding = 4; lastKnownFileType = sourcecode.c.h; path = TPKeyboardAvoidingTableView.h; sourceTree = "<group>"; };
		50B2F8051D9DAC55006EB1BE /* TPKeyboardAvoidingTableView.m */ = {isa = PBXFileReference; fileEncoding = 4; lastKnownFileType = sourcecode.c.objc; path = TPKeyboardAvoidingTableView.m; sourceTree = "<group>"; };
		50B2F8061D9DAC55006EB1BE /* UIScrollView+TPKeyboardAvoidingAdditions.h */ = {isa = PBXFileReference; fileEncoding = 4; lastKnownFileType = sourcecode.c.h; path = "UIScrollView+TPKeyboardAvoidingAdditions.h"; sourceTree = "<group>"; };
		50B2F8071D9DAC55006EB1BE /* UIScrollView+TPKeyboardAvoidingAdditions.m */ = {isa = PBXFileReference; fileEncoding = 4; lastKnownFileType = sourcecode.c.objc; path = "UIScrollView+TPKeyboardAvoidingAdditions.m"; sourceTree = "<group>"; };
		50F173C01D9D6E660051FAD8 /* DetailTableHeaderView.xib */ = {isa = PBXFileReference; fileEncoding = 4; lastKnownFileType = file.xib; path = DetailTableHeaderView.xib; sourceTree = "<group>"; };
		50F173C31D9D772C0051FAD8 /* GlobalEnum.swift */ = {isa = PBXFileReference; fileEncoding = 4; lastKnownFileType = sourcecode.swift; path = GlobalEnum.swift; sourceTree = "<group>"; };
		50FF85BF1D9C126600D2947C /* ContactInfo+CoreDataProperties.swift */ = {isa = PBXFileReference; fileEncoding = 4; lastKnownFileType = sourcecode.swift; path = "ContactInfo+CoreDataProperties.swift"; sourceTree = "<group>"; };
		50FF85C01D9C126600D2947C /* ContactInfo.swift */ = {isa = PBXFileReference; fileEncoding = 4; lastKnownFileType = sourcecode.swift; path = ContactInfo.swift; sourceTree = "<group>"; };
		50FF85C31D9C12A100D2947C /* ContactDataManager.swift */ = {isa = PBXFileReference; fileEncoding = 4; lastKnownFileType = sourcecode.swift; path = ContactDataManager.swift; sourceTree = "<group>"; };
		50FF85C51D9C1B3200D2947C /* DetailViewController.swift */ = {isa = PBXFileReference; fileEncoding = 4; lastKnownFileType = sourcecode.swift; path = DetailViewController.swift; sourceTree = "<group>"; };
		50FF85C71D9C1B9900D2947C /* DetailViewControllerDelegate.swift */ = {isa = PBXFileReference; fileEncoding = 4; lastKnownFileType = sourcecode.swift; path = DetailViewControllerDelegate.swift; sourceTree = "<group>"; };
		50FF85C91D9C1C3F00D2947C /* FieldTableViewCell.swift */ = {isa = PBXFileReference; fileEncoding = 4; lastKnownFileType = sourcecode.swift; path = FieldTableViewCell.swift; sourceTree = "<group>"; };
		50FF85CB1D9C1D0E00D2947C /* DetailTableHeaderView.swift */ = {isa = PBXFileReference; fileEncoding = 4; lastKnownFileType = sourcecode.swift; path = DetailTableHeaderView.swift; sourceTree = "<group>"; };
		50FF85CE1D9C2A7400D2947C /* GlobalConstants.swift */ = {isa = PBXFileReference; fileEncoding = 4; lastKnownFileType = sourcecode.swift; path = GlobalConstants.swift; sourceTree = "<group>"; };
		50FF85D21D9C432500D2947C /* MessageUI.framework */ = {isa = PBXFileReference; lastKnownFileType = wrapper.framework; name = MessageUI.framework; path = System/Library/Frameworks/MessageUI.framework; sourceTree = SDKROOT; };
		50FF85D41D9C4F5C00D2947C /* DetailModel.swift */ = {isa = PBXFileReference; fileEncoding = 4; lastKnownFileType = sourcecode.swift; path = DetailModel.swift; sourceTree = "<group>"; };
/* End PBXFileReference section */

/* Begin PBXFrameworksBuildPhase section */
		50438D6F1D9AEBC800E4B81E /* Frameworks */ = {
			isa = PBXFrameworksBuildPhase;
			buildActionMask = 2147483647;
			files = (
				50FF85D31D9C432500D2947C /* MessageUI.framework in Frameworks */,
			);
			runOnlyForDeploymentPostprocessing = 0;
		};
/* End PBXFrameworksBuildPhase section */

/* Begin PBXGroup section */
		50438D691D9AEBC700E4B81E = {
			isa = PBXGroup;
			children = (
				50FF85D21D9C432500D2947C /* MessageUI.framework */,
				50438D741D9AEBC800E4B81E /* Task1 */,
				50438D731D9AEBC800E4B81E /* Products */,
			);
			sourceTree = "<group>";
		};
		50438D731D9AEBC800E4B81E /* Products */ = {
			isa = PBXGroup;
			children = (
				50438D721D9AEBC800E4B81E /* Task1.app */,
			);
			name = Products;
			sourceTree = "<group>";
		};
		50438D741D9AEBC800E4B81E /* Task1 */ = {
			isa = PBXGroup;
			children = (
				50B2F7FF1D9DAC55006EB1BE /* TPKeyboardAvoiding */,
				50F173C21D9D771A0051FAD8 /* Enum */,
				50FF85CD1D9C2A7400D2947C /* GlobalConstants */,
				50FF85B91D9C11EC00D2947C /* Model */,
				50438D971D9AEE2800E4B81E /* CustomCell */,
				50438D901D9AECBB00E4B81E /* Classes */,
				50438D8A1D9AEC6500E4B81E /* CoreDataEngine */,
				50438D791D9AEBC900E4B81E /* Main.storyboard */,
				50438D7F1D9AEBC900E4B81E /* Assets.xcassets */,
				50438D811D9AEBC900E4B81E /* LaunchScreen.storyboard */,
				50438D841D9AEBC900E4B81E /* Info.plist */,
				50438D7C1D9AEBC900E4B81E /* Task1.xcdatamodeld */,
			);
			path = Task1;
			sourceTree = "<group>";
		};
		50438D8A1D9AEC6500E4B81E /* CoreDataEngine */ = {
			isa = PBXGroup;
			children = (
				50438D8B1D9AEC6500E4B81E /* CoreDataEngine.swift */,
			);
			path = CoreDataEngine;
			sourceTree = "<group>";
		};
		50438D901D9AECBB00E4B81E /* Classes */ = {
			isa = PBXGroup;
			children = (
				50438D921D9AECBB00E4B81E /* ListViewController.swift */,
				50438D951D9AEDD500E4B81E /* ListViewControllerDelegate.swift */,
				50438D911D9AECBB00E4B81E /* AppDelegate.swift */,
				50FF85C51D9C1B3200D2947C /* DetailViewController.swift */,
				50FF85C71D9C1B9900D2947C /* DetailViewControllerDelegate.swift */,
			);
			path = Classes;
			sourceTree = "<group>";
		};
		50438D971D9AEE2800E4B81E /* CustomCell */ = {
			isa = PBXGroup;
			children = (
				50438D981D9AEE2800E4B81E /* ListCell.swift */,
				50FF85C91D9C1C3F00D2947C /* FieldTableViewCell.swift */,
				50FF85CB1D9C1D0E00D2947C /* DetailTableHeaderView.swift */,
				50F173C01D9D6E660051FAD8 /* DetailTableHeaderView.xib */,
			);
			path = CustomCell;
			sourceTree = "<group>";
		};
		50B2F7FF1D9DAC55006EB1BE /* TPKeyboardAvoiding */ = {
			isa = PBXGroup;
			children = (
				50B2F8001D9DAC55006EB1BE /* TPKeyboardAvoidingCollectionView.h */,
				50B2F8011D9DAC55006EB1BE /* TPKeyboardAvoidingCollectionView.m */,
				50B2F8021D9DAC55006EB1BE /* TPKeyboardAvoidingScrollView.h */,
				50B2F8031D9DAC55006EB1BE /* TPKeyboardAvoidingScrollView.m */,
				50B2F8041D9DAC55006EB1BE /* TPKeyboardAvoidingTableView.h */,
				50B2F8051D9DAC55006EB1BE /* TPKeyboardAvoidingTableView.m */,
				50B2F8061D9DAC55006EB1BE /* UIScrollView+TPKeyboardAvoidingAdditions.h */,
				50B2F8071D9DAC55006EB1BE /* UIScrollView+TPKeyboardAvoidingAdditions.m */,
			);
			path = TPKeyboardAvoiding;
			sourceTree = "<group>";
		};
		50F173C21D9D771A0051FAD8 /* Enum */ = {
			isa = PBXGroup;
			children = (
				50F173C31D9D772C0051FAD8 /* GlobalEnum.swift */,
			);
			path = Enum;
			sourceTree = "<group>";
		};
		50FF85B91D9C11EC00D2947C /* Model */ = {
			isa = PBXGroup;
			children = (
				50FF85D41D9C4F5C00D2947C /* DetailModel.swift */,
				50FF85BF1D9C126600D2947C /* ContactInfo+CoreDataProperties.swift */,
				50FF85C01D9C126600D2947C /* ContactInfo.swift */,
				50FF85C31D9C12A100D2947C /* ContactDataManager.swift */,
			);
			path = Model;
			sourceTree = "<group>";
		};
		50FF85CD1D9C2A7400D2947C /* GlobalConstants */ = {
			isa = PBXGroup;
			children = (
				50FF85CE1D9C2A7400D2947C /* GlobalConstants.swift */,
			);
			path = GlobalConstants;
			sourceTree = "<group>";
		};
/* End PBXGroup section */

/* Begin PBXNativeTarget section */
		50438D711D9AEBC800E4B81E /* Task1 */ = {
			isa = PBXNativeTarget;
			buildConfigurationList = 50438D871D9AEBC900E4B81E /* Build configuration list for PBXNativeTarget "Task1" */;
			buildPhases = (
				50438D6E1D9AEBC800E4B81E /* Sources */,
				50438D6F1D9AEBC800E4B81E /* Frameworks */,
				50438D701D9AEBC800E4B81E /* Resources */,
			);
			buildRules = (
			);
			dependencies = (
			);
			name = Task1;
			productName = Task1;
			productReference = 50438D721D9AEBC800E4B81E /* Task1.app */;
			productType = "com.apple.product-type.application";
		};
/* End PBXNativeTarget section */

/* Begin PBXProject section */
		50438D6A1D9AEBC700E4B81E /* Project object */ = {
			isa = PBXProject;
			attributes = {
				LastSwiftUpdateCheck = 0730;
				LastUpgradeCheck = 0730;
				ORGANIZATIONNAME = "Suresh Kansujiya";
				TargetAttributes = {
					50438D711D9AEBC800E4B81E = {
						CreatedOnToolsVersion = 7.3.1;
					};
				};
			};
			buildConfigurationList = 50438D6D1D9AEBC700E4B81E /* Build configuration list for PBXProject "Task1" */;
			compatibilityVersion = "Xcode 3.2";
			developmentRegion = English;
			hasScannedForEncodings = 0;
			knownRegions = (
				en,
				Base,
			);
			mainGroup = 50438D691D9AEBC700E4B81E;
			productRefGroup = 50438D731D9AEBC800E4B81E /* Products */;
			projectDirPath = "";
			projectRoot = "";
			targets = (
				50438D711D9AEBC800E4B81E /* Task1 */,
			);
		};
/* End PBXProject section */

/* Begin PBXResourcesBuildPhase section */
		50438D701D9AEBC800E4B81E /* Resources */ = {
			isa = PBXResourcesBuildPhase;
			buildActionMask = 2147483647;
			files = (
				50438D831D9AEBC900E4B81E /* LaunchScreen.storyboard in Resources */,
				50F173C11D9D6E660051FAD8 /* DetailTableHeaderView.xib in Resources */,
				50438D801D9AEBC900E4B81E /* Assets.xcassets in Resources */,
				50438D7B1D9AEBC900E4B81E /* Main.storyboard in Resources */,
			);
			runOnlyForDeploymentPostprocessing = 0;
		};
/* End PBXResourcesBuildPhase section */

/* Begin PBXSourcesBuildPhase section */
		50438D6E1D9AEBC800E4B81E /* Sources */ = {
			isa = PBXSourcesBuildPhase;
			buildActionMask = 2147483647;
			files = (
				50438D931D9AECBB00E4B81E /* AppDelegate.swift in Sources */,
				50B2F8081D9DAC55006EB1BE /* TPKeyboardAvoidingCollectionView.m in Sources */,
				50438D8C1D9AEC6500E4B81E /* CoreDataEngine.swift in Sources */,
				50FF85CA1D9C1C3F00D2947C /* FieldTableViewCell.swift in Sources */,
				50438D961D9AEDD500E4B81E /* ListViewControllerDelegate.swift in Sources */,
				50FF85CF1D9C2A7400D2947C /* GlobalConstants.swift in Sources */,
				50FF85C11D9C126600D2947C /* ContactInfo+CoreDataProperties.swift in Sources */,
				50FF85D51D9C4F5C00D2947C /* DetailModel.swift in Sources */,
				50FF85CC1D9C1D0E00D2947C /* DetailTableHeaderView.swift in Sources */,
				50B2F80B1D9DAC55006EB1BE /* UIScrollView+TPKeyboardAvoidingAdditions.m in Sources */,
				50FF85C21D9C126600D2947C /* ContactInfo.swift in Sources */,
				50438D991D9AEE2800E4B81E /* ListCell.swift in Sources */,
				50F173C41D9D772C0051FAD8 /* GlobalEnum.swift in Sources */,
				50B2F80A1D9DAC55006EB1BE /* TPKeyboardAvoidingTableView.m in Sources */,
				50FF85C81D9C1B9900D2947C /* DetailViewControllerDelegate.swift in Sources */,
				50FF85C41D9C12A100D2947C /* ContactDataManager.swift in Sources */,
				50FF85C61D9C1B3200D2947C /* DetailViewController.swift in Sources */,
				50B2F8091D9DAC55006EB1BE /* TPKeyboardAvoidingScrollView.m in Sources */,
				50438D941D9AECBB00E4B81E /* ListViewController.swift in Sources */,
				50438D7E1D9AEBC900E4B81E /* Task1.xcdatamodeld in Sources */,
			);
			runOnlyForDeploymentPostprocessing = 0;
		};
/* End PBXSourcesBuildPhase section */

/* Begin PBXVariantGroup section */
		50438D791D9AEBC900E4B81E /* Main.storyboard */ = {
			isa = PBXVariantGroup;
			children = (
				50438D7A1D9AEBC900E4B81E /* Base */,
			);
			name = Main.storyboard;
			sourceTree = "<group>";
		};
		50438D811D9AEBC900E4B81E /* LaunchScreen.storyboard */ = {
			isa = PBXVariantGroup;
			children = (
				50438D821D9AEBC900E4B81E /* Base */,
			);
			name = LaunchScreen.storyboard;
			sourceTree = "<group>";
		};
/* End PBXVariantGroup section */

/* Begin XCBuildConfiguration section */
		50438D851D9AEBC900E4B81E /* Debug */ = {
			isa = XCBuildConfiguration;
			buildSettings = {
				ALWAYS_SEARCH_USER_PATHS = NO;
				CLANG_ANALYZER_NONNULL = YES;
				CLANG_CXX_LANGUAGE_STANDARD = "gnu++0x";
				CLANG_CXX_LIBRARY = "libc++";
				CLANG_ENABLE_MODULES = YES;
				CLANG_ENABLE_OBJC_ARC = YES;
				CLANG_WARN_BOOL_CONVERSION = YES;
				CLANG_WARN_CONSTANT_CONVERSION = YES;
				CLANG_WARN_DIRECT_OBJC_ISA_USAGE = YES_ERROR;
				CLANG_WARN_EMPTY_BODY = YES;
				CLANG_WARN_ENUM_CONVERSION = YES;
				CLANG_WARN_INT_CONVERSION = YES;
				CLANG_WARN_OBJC_ROOT_CLASS = YES_ERROR;
				CLANG_WARN_UNREACHABLE_CODE = YES;
				CLANG_WARN__DUPLICATE_METHOD_MATCH = YES;
				"CODE_SIGN_IDENTITY[sdk=iphoneos*]" = "iPhone Developer";
				COPY_PHASE_STRIP = NO;
				DEBUG_INFORMATION_FORMAT = dwarf;
				ENABLE_STRICT_OBJC_MSGSEND = YES;
				ENABLE_TESTABILITY = YES;
				GCC_C_LANGUAGE_STANDARD = gnu99;
				GCC_DYNAMIC_NO_PIC = NO;
				GCC_NO_COMMON_BLOCKS = YES;
				GCC_OPTIMIZATION_LEVEL = 0;
				GCC_PREPROCESSOR_DEFINITIONS = (
					"DEBUG=1",
					"$(inherited)",
				);
				GCC_WARN_64_TO_32_BIT_CONVERSION = YES;
				GCC_WARN_ABOUT_RETURN_TYPE = YES_ERROR;
				GCC_WARN_UNDECLARED_SELECTOR = YES;
				GCC_WARN_UNINITIALIZED_AUTOS = YES_AGGRESSIVE;
				GCC_WARN_UNUSED_FUNCTION = YES;
				GCC_WARN_UNUSED_VARIABLE = YES;
				IPHONEOS_DEPLOYMENT_TARGET = 9.3;
				MTL_ENABLE_DEBUG_INFO = YES;
				ONLY_ACTIVE_ARCH = YES;
				SDKROOT = iphoneos;
				SWIFT_OPTIMIZATION_LEVEL = "-Onone";
			};
			name = Debug;
		};
		50438D861D9AEBC900E4B81E /* Release */ = {
			isa = XCBuildConfiguration;
			buildSettings = {
				ALWAYS_SEARCH_USER_PATHS = NO;
				CLANG_ANALYZER_NONNULL = YES;
				CLANG_CXX_LANGUAGE_STANDARD = "gnu++0x";
				CLANG_CXX_LIBRARY = "libc++";
				CLANG_ENABLE_MODULES = YES;
				CLANG_ENABLE_OBJC_ARC = YES;
				CLANG_WARN_BOOL_CONVERSION = YES;
				CLANG_WARN_CONSTANT_CONVERSION = YES;
				CLANG_WARN_DIRECT_OBJC_ISA_USAGE = YES_ERROR;
				CLANG_WARN_EMPTY_BODY = YES;
				CLANG_WARN_ENUM_CONVERSION = YES;
				CLANG_WARN_INT_CONVERSION = YES;
				CLANG_WARN_OBJC_ROOT_CLASS = YES_ERROR;
				CLANG_WARN_UNREACHABLE_CODE = YES;
				CLANG_WARN__DUPLICATE_METHOD_MATCH = YES;
				"CODE_SIGN_IDENTITY[sdk=iphoneos*]" = "iPhone Developer";
				COPY_PHASE_STRIP = NO;
				DEBUG_INFORMATION_FORMAT = "dwarf-with-dsym";
				ENABLE_NS_ASSERTIONS = NO;
				ENABLE_STRICT_OBJC_MSGSEND = YES;
				GCC_C_LANGUAGE_STANDARD = gnu99;
				GCC_NO_COMMON_BLOCKS = YES;
				GCC_WARN_64_TO_32_BIT_CONVERSION = YES;
				GCC_WARN_ABOUT_RETURN_TYPE = YES_ERROR;
				GCC_WARN_UNDECLARED_SELECTOR = YES;
				GCC_WARN_UNINITIALIZED_AUTOS = YES_AGGRESSIVE;
				GCC_WARN_UNUSED_FUNCTION = YES;
				GCC_WARN_UNUSED_VARIABLE = YES;
				IPHONEOS_DEPLOYMENT_TARGET = 9.3;
				MTL_ENABLE_DEBUG_INFO = NO;
				SDKROOT = iphoneos;
				VALIDATE_PRODUCT = YES;
			};
			name = Release;
		};
		50438D881D9AEBC900E4B81E /* Debug */ = {
			isa = XCBuildConfiguration;
			buildSettings = {
				ASSETCATALOG_COMPILER_APPICON_NAME = AppIcon;
				INFOPLIST_FILE = Task1/Info.plist;
				LD_RUNPATH_SEARCH_PATHS = "$(inherited) @executable_path/Frameworks";
				PRODUCT_BUNDLE_IDENTIFIER = com.coredata.Task1;
				PRODUCT_NAME = "$(TARGET_NAME)";
			};
			name = Debug;
		};
		50438D891D9AEBC900E4B81E /* Release */ = {
			isa = XCBuildConfiguration;
			buildSettings = {
				ASSETCATALOG_COMPILER_APPICON_NAME = AppIcon;
				INFOPLIST_FILE = Task1/Info.plist;
				LD_RUNPATH_SEARCH_PATHS = "$(inherited) @executable_path/Frameworks";
				PRODUCT_BUNDLE_IDENTIFIER = com.coredata.Task1;
				PRODUCT_NAME = "$(TARGET_NAME)";
			};
			name = Release;
		};
/* End XCBuildConfiguration section */

/* Begin XCConfigurationList section */
		50438D6D1D9AEBC700E4B81E /* Build configuration list for PBXProject "Task1" */ = {
			isa = XCConfigurationList;
			buildConfigurations = (
				50438D851D9AEBC900E4B81E /* Debug */,
				50438D861D9AEBC900E4B81E /* Release */,
			);
			defaultConfigurationIsVisible = 0;
			defaultConfigurationName = Release;
		};
		50438D871D9AEBC900E4B81E /* Build configuration list for PBXNativeTarget "Task1" */ = {
			isa = XCConfigurationList;
			buildConfigurations = (
				50438D881D9AEBC900E4B81E /* Debug */,
				50438D891D9AEBC900E4B81E /* Release */,
			);
			defaultConfigurationIsVisible = 0;
			defaultConfigurationName = Release;
		};
/* End XCConfigurationList section */

/* Begin XCVersionGroup section */
		50438D7C1D9AEBC900E4B81E /* Task1.xcdatamodeld */ = {
			isa = XCVersionGroup;
			children = (
				50438D7D1D9AEBC900E4B81E /* Task1.xcdatamodel */,
			);
			currentVersion = 50438D7D1D9AEBC900E4B81E /* Task1.xcdatamodel */;
			path = Task1.xcdatamodeld;
			sourceTree = "<group>";
			versionGroupType = wrapper.xcdatamodel;
		};
/* End XCVersionGroup section */
	};
	rootObject = 50438D6A1D9AEBC700E4B81E /* Project object */;
}
